
Microsoft Visual Studio Solution File, Format Version 12.00
# Visual Studio 2013
VisualStudioVersion = 12.0.31101.0
MinimumVisualStudioVersion = 10.0.40219.1
Project("{F2A71F9B-5D33-465A-A702-920D77279786}") = "ExceptionMessageTranslator", "ExceptionMessageTranslator\ExceptionMessageTranslator.fsproj", "{3879C546-4537-42E9-B3AC-179F5846BDA3}"
EndProject
Project("{2150E333-8FDC-42A3-9474-1A3956D46DE8}") = ".nuget", ".nuget", "{91C82C8F-A235-4786-AFB3-20DF227A0436}"
	ProjectSection(SolutionItems) = preProject
		.nuget\packages.config = .nuget\packages.config
	EndProjectSection
EndProject
Project("{F2A71F9B-5D33-465A-A702-920D77279786}") = "Tests", "Tests\Tests.fsproj", "{9DD289DC-0543-4919-9F7C-D4221B254A25}"
EndProject
Global
	GlobalSection(SolutionConfigurationPlatforms) = preSolution
		Debug|Any CPU = Debug|Any CPU
		Release|Any CPU = Release|Any CPU
	EndGlobalSection
	GlobalSection(ProjectConfigurationPlatforms) = postSolution
		{3879C546-4537-42E9-B3AC-179F5846BDA3}.Debug|Any CPU.ActiveCfg = Debug|Any CPU
		{3879C546-4537-42E9-B3AC-179F5846BDA3}.Debug|Any CPU.Build.0 = Debug|Any CPU
		{3879C546-4537-42E9-B3AC-179F5846BDA3}.Release|Any CPU.ActiveCfg = Release|Any CPU
		{3879C546-4537-42E9-B3AC-179F5846BDA3}.Release|Any CPU.Build.0 = Release|Any CPU
		{9DD289DC-0543-4919-9F7C-D4221B254A25}.Debug|Any CPU.ActiveCfg = Debug|Any CPU
		{9DD289DC-0543-4919-9F7C-D4221B254A25}.Debug|Any CPU.Build.0 = Debug|Any CPU
		{9DD289DC-0543-4919-9F7C-D4221B254A25}.Release|Any CPU.ActiveCfg = Release|Any CPU
		{9DD289DC-0543-4919-9F7C-D4221B254A25}.Release|Any CPU.Build.0 = Release|Any CPU
	EndGlobalSection
	GlobalSection(SolutionProperties) = preSolution
		HideSolutionNode = FALSE
	EndGlobalSection
EndGlobal
